{
  "name": "assets",
  "lockfileVersion": 3,
  "requires": true,
  "packages": {
    "": {
      "license": "MIT",
      "dependencies": {
        "cozy-bootstrap": "1.9.0",
        "prism-themes": "1.5.0",
        "prismjs": "1.22.0"
      }
    },
    "../deps/phoenix": {
      "extraneous": true
    },
    "../deps/phoenix_html": {
      "extraneous": true
    },
    "node_modules/clipboard": {
      "version": "2.0.6",
      "resolved": "https://registry.npmjs.org/clipboard/-/clipboard-2.0.6.tgz",
      "integrity": "sha512-g5zbiixBRk/wyKakSwCKd7vQXDjFnAMGHoEyBogG/bw9kTD9GvdAvaoRR1ALcEzt3pVKxZR0pViekPMIS0QyGg==",
      "optional": true,
      "dependencies": {
        "good-listener": "^1.2.2",
        "select": "^1.1.2",
        "tiny-emitter": "^2.0.0"
      }
    },
    "node_modules/cozy-bootstrap": {
      "version": "1.9.0",
      "resolved": "https://registry.npmjs.org/cozy-bootstrap/-/cozy-bootstrap-1.9.0.tgz",
      "integrity": "sha512-sic5nmNCzaJqTopOQSGAlUk6fATedadqamkhqLPg8qnGvRVSPtIzyS3wf/Z8Vd0kG6ukLcNkJ4mrlXQQ2UWDFg=="
    },
    "node_modules/delegate": {
      "version": "3.2.0",
      "resolved": "https://registry.npmjs.org/delegate/-/delegate-3.2.0.tgz",
      "integrity": "sha512-IofjkYBZaZivn0V8nnsMJGBr4jVLxHDheKSW88PyxS5QC4Vo9ZbZVvhzlSxY87fVq3STR6r+4cGepyHkcWOQSw==",
      "optional": true
    },
    "node_modules/good-listener": {
      "version": "1.2.2",
      "resolved": "https://registry.npmjs.org/good-listener/-/good-listener-1.2.2.tgz",
      "integrity": "sha1-1TswzfkxPf+33JoNR3CWqm0UXFA=",
      "optional": true,
      "dependencies": {
        "delegate": "^3.1.2"
      }
    },
    "node_modules/prism-themes": {
      "version": "1.5.0",
      "resolved": "https://registry.npmjs.org/prism-themes/-/prism-themes-1.5.0.tgz",
      "integrity": "sha512-aqKD610WNYO90MVXm0xM8P1pX5jPHyTjbAefV0TtWFLZk7eNWnGqLGx+HH6Xxlf9hiC66VjBeCP7m3P72FS+ZQ=="
    },
    "node_modules/prismjs": {
      "version": "1.22.0",
      "resolved": "https://registry.npmjs.org/prismjs/-/prismjs-1.22.0.tgz",
      "integrity": "sha512-lLJ/Wt9yy0AiSYBf212kK3mM5L8ycwlyTlSxHBAneXLR0nzFMlZ5y7riFPF3E33zXOF2IH95xdY5jIyZbM9z/w==",
      "optionalDependencies": {
        "clipboard": "^2.0.0"
      }
    },
    "node_modules/select": {
      "version": "1.1.2",
      "resolved": "https://registry.npmjs.org/select/-/select-1.1.2.tgz",
      "integrity": "sha1-DnNQrN7ICxEIUoeG7B1EGNEbOW0=",
      "optional": true
    },
    "node_modules/tiny-emitter": {
      "version": "2.1.0",
      "resolved": "https://registry.npmjs.org/tiny-emitter/-/tiny-emitter-2.1.0.tgz",
      "integrity": "sha512-NB6Dk1A9xgQPMoGqC5CVXn123gWyte215ONT5Pp5a0yt4nlEoO1ZWeCwpncaekPHXO60i47ihFnZPiRPjRMq4Q==",
      "optional": true
    }
  }
}
